
Microsoft Visual Studio Solution File, Format Version 12.00
# Visual Studio Version 16
VisualStudioVersion = 16.0.31112.23
MinimumVisualStudioVersion = 10.0.40219.1
Project("{8BC9CEB8-8B4A-11D0-8D11-00A0C91BC942}") = "D2D", "D2D\D2D.vcxproj", "{EDD12E53-E6C2-4D30-9034-5EC353F6EEFB}"
EndProject
Project("{2150E333-8FDC-42A3-9474-1A3956D46DE8}") = "Shaders", "Shaders", "{453E1005-5A02-47FF-8E24-6757113EA02B}"
	ProjectSection(SolutionItems) = preProject
		_Shaders\01_Effect.fx = _Shaders\01_Effect.fx
	EndProjectSection
EndProject
Global
	GlobalSection(SolutionConfigurationPlatforms) = preSolution
		Debug|x64 = Debug|x64
		Debug|x86 = Debug|x86
		Release|x64 = Release|x64
		Release|x86 = Release|x86
	EndGlobalSection
	GlobalSection(ProjectConfigurationPlatforms) = postSolution
		{EDD12E53-E6C2-4D30-9034-5EC353F6EEFB}.Debug|x64.ActiveCfg = Debug|x64
		{EDD12E53-E6C2-4D30-9034-5EC353F6EEFB}.Debug|x64.Build.0 = Debug|x64
		{EDD12E53-E6C2-4D30-9034-5EC353F6EEFB}.Debug|x86.ActiveCfg = Debug|Win32
		{EDD12E53-E6C2-4D30-9034-5EC353F6EEFB}.Debug|x86.Build.0 = Debug|Win32
		{EDD12E53-E6C2-4D30-9034-5EC353F6EEFB}.Release|x64.ActiveCfg = Release|x64
		{EDD12E53-E6C2-4D30-9034-5EC353F6EEFB}.Release|x64.Build.0 = Release|x64
		{EDD12E53-E6C2-4D30-9034-5EC353F6EEFB}.Release|x86.ActiveCfg = Release|Win32
		{EDD12E53-E6C2-4D30-9034-5EC353F6EEFB}.Release|x86.Build.0 = Release|Win32
	EndGlobalSection
	GlobalSection(SolutionProperties) = preSolution
		HideSolutionNode = FALSE
	EndGlobalSection
	GlobalSection(ExtensibilityGlobals) = postSolution
		SolutionGuid = {743774D9-61A4-419C-B212-7E3A33C5DC52}
	EndGlobalSection
EndGlobal
